// !$*UTF8*$!
{
	archiveVersion = 1;
	classes = {
	};
	objectVersion = 50;
	objects = {

/* Begin PBXBuildFile section */
		1A450CF921CB2C2E00AF5866 /* what-a-rush.mp3 in Resources */ = {isa = PBXBuildFile; fileRef = 1A450CF821CB2C2E00AF5866 /* what-a-rush.mp3 */; };
		1A450CFB21CB2E5B00AF5866 /* boop.wav in Resources */ = {isa = PBXBuildFile; fileRef = 1A450CFA21CB2E5B00AF5866 /* boop.wav */; };
		1A450CFD21CB2E7600AF5866 /* complete.wav in Resources */ = {isa = PBXBuildFile; fileRef = 1A450CFC21CB2E7600AF5866 /* complete.wav */; };
		1A76B94521C464D90048A4FB /* AppDelegate.swift in Sources */ = {isa = PBXBuildFile; fileRef = 1A76B94421C464D90048A4FB /* AppDelegate.swift */; };
		1A76B94721C464D90048A4FB /* ViewController.swift in Sources */ = {isa = PBXBuildFile; fileRef = 1A76B94621C464D90048A4FB /* ViewController.swift */; };
		1A76B94A21C464D90048A4FB /* Main.storyboard in Resources */ = {isa = PBXBuildFile; fileRef = 1A76B94821C464D90048A4FB /* Main.storyboard */; };
		1A76B94C21C464DA0048A4FB /* Assets.xcassets in Resources */ = {isa = PBXBuildFile; fileRef = 1A76B94B21C464DA0048A4FB /* Assets.xcassets */; };
		1A76B94F21C464DA0048A4FB /* LaunchScreen.storyboard in Resources */ = {isa = PBXBuildFile; fileRef = 1A76B94D21C464DA0048A4FB /* LaunchScreen.storyboard */; };
		1A76B95721C7DB500048A4FB /* Live-better-Stock-pot-on--011.jpg in Resources */ = {isa = PBXBuildFile; fileRef = 1A76B95621C7DB4F0048A4FB /* Live-better-Stock-pot-on--011.jpg */; };
		1A8086B822032509008ADFA1 /* SettingsViewController.swift in Sources */ = {isa = PBXBuildFile; fileRef = 1A8086B622032509008ADFA1 /* SettingsViewController.swift */; };
		1A8086B922032509008ADFA1 /* SettingsViewController.xib in Resources */ = {isa = PBXBuildFile; fileRef = 1A8086B722032509008ADFA1 /* SettingsViewController.xib */; };
		1A8086BB2204910B008ADFA1 /* Settings.swift in Sources */ = {isa = PBXBuildFile; fileRef = 1A8086BA2204910B008ADFA1 /* Settings.swift */; };
		1A8BC1782212212300E644DE /* TileViewController.swift in Sources */ = {isa = PBXBuildFile; fileRef = 1A8BC1772212212300E644DE /* TileViewController.swift */; };
		1A8BC17A2217491900E644DE /* Game.swift in Sources */ = {isa = PBXBuildFile; fileRef = 1A8BC1792217491900E644DE /* Game.swift */; };
		1A9F09F521DFDE62002591C1 /* GridViewConroller.swift in Sources */ = {isa = PBXBuildFile; fileRef = 1A9F09F421DFDE62002591C1 /* GridViewConroller.swift */; };
		1AE768A121DFDCF100329171 /* AIGridSolver.swift in Sources */ = {isa = PBXBuildFile; fileRef = 1AE768A021DFDCF100329171 /* AIGridSolver.swift */; };
		1AE768A321DFDDB900329171 /* SliderGrid.swift in Sources */ = {isa = PBXBuildFile; fileRef = 1AE768A221DFDDB900329171 /* SliderGrid.swift */; };
/* End PBXBuildFile section */

/* Begin PBXFileReference section */
		1A450CF821CB2C2E00AF5866 /* what-a-rush.mp3 */ = {isa = PBXFileReference; lastKnownFileType = audio.mp3; path = "what-a-rush.mp3"; sourceTree = "<group>"; };
		1A450CFA21CB2E5B00AF5866 /* boop.wav */ = {isa = PBXFileReference; lastKnownFileType = audio.wav; path = boop.wav; sourceTree = "<group>"; };
		1A450CFC21CB2E7600AF5866 /* complete.wav */ = {isa = PBXFileReference; lastKnownFileType = audio.wav; path = complete.wav; sourceTree = "<group>"; };
		1A76B94121C464D90048A4FB /* Slider.app */ = {isa = PBXFileReference; explicitFileType = wrapper.application; includeInIndex = 0; path = Slider.app; sourceTree = BUILT_PRODUCTS_DIR; };
		1A76B94421C464D90048A4FB /* AppDelegate.swift */ = {isa = PBXFileReference; lastKnownFileType = sourcecode.swift; path = AppDelegate.swift; sourceTree = "<group>"; };
		1A76B94621C464D90048A4FB /* ViewController.swift */ = {isa = PBXFileReference; lastKnownFileType = sourcecode.swift; path = ViewController.swift; sourceTree = "<group>"; };
		1A76B94921C464D90048A4FB /* Base */ = {isa = PBXFileReference; lastKnownFileType = file.storyboard; name = Base; path = Base.lproj/Main.storyboard; sourceTree = "<group>"; };
		1A76B94B21C464DA0048A4FB /* Assets.xcassets */ = {isa = PBXFileReference; lastKnownFileType = folder.assetcatalog; path = Assets.xcassets; sourceTree = "<group>"; };
		1A76B94E21C464DA0048A4FB /* Base */ = {isa = PBXFileReference; lastKnownFileType = file.storyboard; name = Base; path = Base.lproj/LaunchScreen.storyboard; sourceTree = "<group>"; };
		1A76B95021C464DA0048A4FB /* Info.plist */ = {isa = PBXFileReference; lastKnownFileType = text.plist.xml; path = Info.plist; sourceTree = "<group>"; };
		1A76B95621C7DB4F0048A4FB /* Live-better-Stock-pot-on--011.jpg */ = {isa = PBXFileReference; lastKnownFileType = image.jpeg; name = "Live-better-Stock-pot-on--011.jpg"; path = "../../../../Pictures/Live-better-Stock-pot-on--011.jpg"; sourceTree = "<group>"; };
		1A8086B622032509008ADFA1 /* SettingsViewController.swift */ = {isa = PBXFileReference; lastKnownFileType = sourcecode.swift; path = SettingsViewController.swift; sourceTree = "<group>"; };
		1A8086B722032509008ADFA1 /* SettingsViewController.xib */ = {isa = PBXFileReference; lastKnownFileType = file.xib; path = SettingsViewController.xib; sourceTree = "<group>"; };
		1A8086BA2204910B008ADFA1 /* Settings.swift */ = {isa = PBXFileReference; lastKnownFileType = sourcecode.swift; path = Settings.swift; sourceTree = "<group>"; };
		1A8BC1772212212300E644DE /* TileViewController.swift */ = {isa = PBXFileReference; lastKnownFileType = sourcecode.swift; path = TileViewController.swift; sourceTree = "<group>"; };
		1A8BC1792217491900E644DE /* Game.swift */ = {isa = PBXFileReference; lastKnownFileType = sourcecode.swift; path = Game.swift; sourceTree = "<group>"; };
		1A9F09F421DFDE62002591C1 /* GridViewConroller.swift */ = {isa = PBXFileReference; lastKnownFileType = sourcecode.swift; path = GridViewConroller.swift; sourceTree = "<group>"; };
		1AE768A021DFDCF100329171 /* AIGridSolver.swift */ = {isa = PBXFileReference; lastKnownFileType = sourcecode.swift; path = AIGridSolver.swift; sourceTree = "<group>"; };
		1AE768A221DFDDB900329171 /* SliderGrid.swift */ = {isa = PBXFileReference; lastKnownFileType = sourcecode.swift; path = SliderGrid.swift; sourceTree = "<group>"; };
/* End PBXFileReference section */

/* Begin PBXFrameworksBuildPhase section */
		1A76B93E21C464D90048A4FB /* Frameworks */ = {
			isa = PBXFrameworksBuildPhase;
			buildActionMask = 2147483647;
			files = (
			);
			runOnlyForDeploymentPostprocessing = 0;
		};
/* End PBXFrameworksBuildPhase section */

/* Begin PBXGroup section */
		1A76B93821C464D80048A4FB = {
			isa = PBXGroup;
			children = (
				1A76B94321C464D90048A4FB /* Slider */,
				1A76B94221C464D90048A4FB /* Products */,
			);
			sourceTree = "<group>";
		};
		1A76B94221C464D90048A4FB /* Products */ = {
			isa = PBXGroup;
			children = (
				1A76B94121C464D90048A4FB /* Slider.app */,
			);
			name = Products;
			sourceTree = "<group>";
		};
		1A76B94321C464D90048A4FB /* Slider */ = {
			isa = PBXGroup;
			children = (
				1A76B94421C464D90048A4FB /* AppDelegate.swift */,
				1A76B94621C464D90048A4FB /* ViewController.swift */,
				1A8BC1792217491900E644DE /* Game.swift */,
				1A9F09F421DFDE62002591C1 /* GridViewConroller.swift */,
				1AE768A221DFDDB900329171 /* SliderGrid.swift */,
				1A8BC1772212212300E644DE /* TileViewController.swift */,
				1AE768A021DFDCF100329171 /* AIGridSolver.swift */,
				1A76B94821C464D90048A4FB /* Main.storyboard */,
				1A8086B622032509008ADFA1 /* SettingsViewController.swift */,
				1A8086BA2204910B008ADFA1 /* Settings.swift */,
				1A8086B722032509008ADFA1 /* SettingsViewController.xib */,
				1A76B95621C7DB4F0048A4FB /* Live-better-Stock-pot-on--011.jpg */,
				1A76B94B21C464DA0048A4FB /* Assets.xcassets */,
				1A76B94D21C464DA0048A4FB /* LaunchScreen.storyboard */,
				1A76B95021C464DA0048A4FB /* Info.plist */,
				1A450CF821CB2C2E00AF5866 /* what-a-rush.mp3 */,
				1A450CFA21CB2E5B00AF5866 /* boop.wav */,
				1A450CFC21CB2E7600AF5866 /* complete.wav */,
			);
			path = Slider;
			sourceTree = "<group>";
		};
/* End PBXGroup section */

/* Begin PBXNativeTarget section */
		1A76B94021C464D90048A4FB /* Slider */ = {
			isa = PBXNativeTarget;
			buildConfigurationList = 1A76B95321C464DA0048A4FB /* Build configuration list for PBXNativeTarget "Slider" */;
			buildPhases = (
				1A76B93D21C464D90048A4FB /* Sources */,
				1A76B93E21C464D90048A4FB /* Frameworks */,
				1A76B93F21C464D90048A4FB /* Resources */,
			);
			buildRules = (
			);
			dependencies = (
			);
			name = Slider;
			productName = Slider;
			productReference = 1A76B94121C464D90048A4FB /* Slider.app */;
			productType = "com.apple.product-type.application";
		};
/* End PBXNativeTarget section */

/* Begin PBXProject section */
		1A76B93921C464D80048A4FB /* Project object */ = {
			isa = PBXProject;
			attributes = {
				LastSwiftUpdateCheck = 1000;
				LastUpgradeCheck = 1000;
				ORGANIZATIONNAME = "Experiential Services";
				TargetAttributes = {
					1A76B94021C464D90048A4FB = {
						CreatedOnToolsVersion = 10.0;
					};
				};
			};
			buildConfigurationList = 1A76B93C21C464D80048A4FB /* Build configuration list for PBXProject "Slider" */;
			compatibilityVersion = "Xcode 9.3";
			developmentRegion = en;
			hasScannedForEncodings = 0;
			knownRegions = (
				en,
				Base,
			);
			mainGroup = 1A76B93821C464D80048A4FB;
			productRefGroup = 1A76B94221C464D90048A4FB /* Products */;
			projectDirPath = "";
			projectRoot = "";
			targets = (
				1A76B94021C464D90048A4FB /* Slider */,
			);
		};
/* End PBXProject section */

/* Begin PBXResourcesBuildPhase section */
		1A76B93F21C464D90048A4FB /* Resources */ = {
			isa = PBXResourcesBuildPhase;
			buildActionMask = 2147483647;
			files = (
				1A450CFB21CB2E5B00AF5866 /* boop.wav in Resources */,
				1A76B94F21C464DA0048A4FB /* LaunchScreen.storyboard in Resources */,
				1A450CF921CB2C2E00AF5866 /* what-a-rush.mp3 in Resources */,
				1A8086B922032509008ADFA1 /* SettingsViewController.xib in Resources */,
				1A76B94C21C464DA0048A4FB /* Assets.xcassets in Resources */,
				1A76B95721C7DB500048A4FB /* Live-better-Stock-pot-on--011.jpg in Resources */,
				1A76B94A21C464D90048A4FB /* Main.storyboard in Resources */,
				1A450CFD21CB2E7600AF5866 /* complete.wav in Resources */,
			);
			runOnlyForDeploymentPostprocessing = 0;
		};
/* End PBXResourcesBuildPhase section */

/* Begin PBXSourcesBuildPhase section */
		1A76B93D21C464D90048A4FB /* Sources */ = {
			isa = PBXSourcesBuildPhase;
			buildActionMask = 2147483647;
			files = (
				1A8BC1782212212300E644DE /* TileViewController.swift in Sources */,
				1A8BC17A2217491900E644DE /* Game.swift in Sources */,
				1AE768A321DFDDB900329171 /* SliderGrid.swift in Sources */,
				1A9F09F521DFDE62002591C1 /* GridViewConroller.swift in Sources */,
				1A76B94721C464D90048A4FB /* ViewController.swift in Sources */,
				1AE768A121DFDCF100329171 /* AIGridSolver.swift in Sources */,
				1A8086BB2204910B008ADFA1 /* Settings.swift in Sources */,
				1A76B94521C464D90048A4FB /* AppDelegate.swift in Sources */,
				1A8086B822032509008ADFA1 /* SettingsViewController.swift in Sources */,
			);
			runOnlyForDeploymentPostprocessing = 0;
		};
/* End PBXSourcesBuildPhase section */

/* Begin PBXVariantGroup section */
		1A76B94821C464D90048A4FB /* Main.storyboard */ = {
			isa = PBXVariantGroup;
			children = (
				1A76B94921C464D90048A4FB /* Base */,
			);
			name = Main.storyboard;
			sourceTree = "<group>";
		};
		1A76B94D21C464DA0048A4FB /* LaunchScreen.storyboard */ = {
			isa = PBXVariantGroup;
			children = (
				1A76B94E21C464DA0048A4FB /* Base */,
			);
			name = LaunchScreen.storyboard;
			sourceTree = "<group>";
		};
/* End PBXVariantGroup section */

/* Begin XCBuildConfiguration section */
		1A76B95121C464DA0048A4FB /* Debug */ = {
			isa = XCBuildConfiguration;
			buildSettings = {
				ALWAYS_SEARCH_USER_PATHS = NO;
				CLANG_ANALYZER_NONNULL = YES;
				CLANG_ANALYZER_NUMBER_OBJECT_CONVERSION = YES_AGGRESSIVE;
				CLANG_CXX_LANGUAGE_STANDARD = "gnu++14";
				CLANG_CXX_LIBRARY = "libc++";
				CLANG_ENABLE_MODULES = YES;
				CLANG_ENABLE_OBJC_ARC = YES;
				CLANG_ENABLE_OBJC_WEAK = YES;
				CLANG_WARN_BLOCK_CAPTURE_AUTORELEASING = YES;
				CLANG_WARN_BOOL_CONVERSION = YES;
				CLANG_WARN_COMMA = YES;
				CLANG_WARN_CONSTANT_CONVERSION = YES;
				CLANG_WARN_DEPRECATED_OBJC_IMPLEMENTATIONS = YES;
				CLANG_WARN_DIRECT_OBJC_ISA_USAGE = YES_ERROR;
				CLANG_WARN_DOCUMENTATION_COMMENTS = YES;
				CLANG_WARN_EMPTY_BODY = YES;
				CLANG_WARN_ENUM_CONVERSION = YES;
				CLANG_WARN_INFINITE_RECURSION = YES;
				CLANG_WARN_INT_CONVERSION = YES;
				CLANG_WARN_NON_LITERAL_NULL_CONVERSION = YES;
				CLANG_WARN_OBJC_IMPLICIT_RETAIN_SELF = YES;
				CLANG_WARN_OBJC_LITERAL_CONVERSION = YES;
				CLANG_WARN_OBJC_ROOT_CLASS = YES_ERROR;
				CLANG_WARN_RANGE_LOOP_ANALYSIS = YES;
				CLANG_WARN_STRICT_PROTOTYPES = YES;
				CLANG_WARN_SUSPICIOUS_MOVE = YES;
				CLANG_WARN_UNGUARDED_AVAILABILITY = YES_AGGRESSIVE;
				CLANG_WARN_UNREACHABLE_CODE = YES;
				CLANG_WARN__DUPLICATE_METHOD_MATCH = YES;
				CODE_SIGN_IDENTITY = "iPhone Developer";
				COPY_PHASE_STRIP = NO;
				DEBUG_INFORMATION_FORMAT = dwarf;
				ENABLE_STRICT_OBJC_MSGSEND = YES;
				ENABLE_TESTABILITY = YES;
				GCC_C_LANGUAGE_STANDARD = gnu11;
				GCC_DYNAMIC_NO_PIC = NO;
				GCC_NO_COMMON_BLOCKS = YES;
				GCC_OPTIMIZATION_LEVEL = 0;
				GCC_PREPROCESSOR_DEFINITIONS = (
					"DEBUG=1",
					"$(inherited)",
				);
				GCC_WARN_64_TO_32_BIT_CONVERSION = YES;
				GCC_WARN_ABOUT_RETURN_TYPE = YES_ERROR;
				GCC_WARN_UNDECLARED_SELECTOR = YES;
				GCC_WARN_UNINITIALIZED_AUTOS = YES_AGGRESSIVE;
				GCC_WARN_UNUSED_FUNCTION = YES;
				GCC_WARN_UNUSED_VARIABLE = YES;
				IPHONEOS_DEPLOYMENT_TARGET = 12.0;
				MTL_ENABLE_DEBUG_INFO = INCLUDE_SOURCE;
				MTL_FAST_MATH = YES;
				ONLY_ACTIVE_ARCH = YES;
				SDKROOT = iphoneos;
				SWIFT_ACTIVE_COMPILATION_CONDITIONS = DEBUG;
				SWIFT_OPTIMIZATION_LEVEL = "-Onone";
			};
			name = Debug;
		};
		1A76B95221C464DA0048A4FB /* Release */ = {
			isa = XCBuildConfiguration;
			buildSettings = {
				ALWAYS_SEARCH_USER_PATHS = NO;
				CLANG_ANALYZER_NONNULL = YES;
				CLANG_ANALYZER_NUMBER_OBJECT_CONVERSION = YES_AGGRESSIVE;
				CLANG_CXX_LANGUAGE_STANDARD = "gnu++14";
				CLANG_CXX_LIBRARY = "libc++";
				CLANG_ENABLE_MODULES = YES;
				CLANG_ENABLE_OBJC_ARC = YES;
				CLANG_ENABLE_OBJC_WEAK = YES;
				CLANG_WARN_BLOCK_CAPTURE_AUTORELEASING = YES;
				CLANG_WARN_BOOL_CONVERSION = YES;
				CLANG_WARN_COMMA = YES;
				CLANG_WARN_CONSTANT_CONVERSION = YES;
				CLANG_WARN_DEPRECATED_OBJC_IMPLEMENTATIONS = YES;
				CLANG_WARN_DIRECT_OBJC_ISA_USAGE = YES_ERROR;
				CLANG_WARN_DOCUMENTATION_COMMENTS = YES;
				CLANG_WARN_EMPTY_BODY = YES;
				CLANG_WARN_ENUM_CONVERSION = YES;
				CLANG_WARN_INFINITE_RECURSION = YES;
				CLANG_WARN_INT_CONVERSION = YES;
				CLANG_WARN_NON_LITERAL_NULL_CONVERSION = YES;
				CLANG_WARN_OBJC_IMPLICIT_RETAIN_SELF = YES;
				CLANG_WARN_OBJC_LITERAL_CONVERSION = YES;
				CLANG_WARN_OBJC_ROOT_CLASS = YES_ERROR;
				CLANG_WARN_RANGE_LOOP_ANALYSIS = YES;
				CLANG_WARN_STRICT_PROTOTYPES = YES;
				CLANG_WARN_SUSPICIOUS_MOVE = YES;
				CLANG_WARN_UNGUARDED_AVAILABILITY = YES_AGGRESSIVE;
				CLANG_WARN_UNREACHABLE_CODE = YES;
				CLANG_WARN__DUPLICATE_METHOD_MATCH = YES;
				CODE_SIGN_IDENTITY = "iPhone Developer";
				COPY_PHASE_STRIP = NO;
				DEBUG_INFORMATION_FORMAT = "dwarf-with-dsym";
				ENABLE_NS_ASSERTIONS = NO;
				ENABLE_STRICT_OBJC_MSGSEND = YES;
				GCC_C_LANGUAGE_STANDARD = gnu11;
				GCC_NO_COMMON_BLOCKS = YES;
				GCC_WARN_64_TO_32_BIT_CONVERSION = YES;
				GCC_WARN_ABOUT_RETURN_TYPE = YES_ERROR;
				GCC_WARN_UNDECLARED_SELECTOR = YES;
				GCC_WARN_UNINITIALIZED_AUTOS = YES_AGGRESSIVE;
				GCC_WARN_UNUSED_FUNCTION = YES;
				GCC_WARN_UNUSED_VARIABLE = YES;
				IPHONEOS_DEPLOYMENT_TARGET = 12.0;
				MTL_ENABLE_DEBUG_INFO = NO;
				MTL_FAST_MATH = YES;
				SDKROOT = iphoneos;
				SWIFT_COMPILATION_MODE = wholemodule;
				SWIFT_OPTIMIZATION_LEVEL = "-O";
				VALIDATE_PRODUCT = YES;
			};
			name = Release;
		};
		1A76B95421C464DA0048A4FB /* Debug */ = {
			isa = XCBuildConfiguration;
			buildSettings = {
				ASSETCATALOG_COMPILER_APPICON_NAME = AppIcon;
				CODE_SIGN_STYLE = Automatic;
				DEVELOPMENT_TEAM = K9FE7UZ57A;
				INFOPLIST_FILE = Slider/Info.plist;
				IPHONEOS_DEPLOYMENT_TARGET = 11.0;
				LD_RUNPATH_SEARCH_PATHS = (
					"$(inherited)",
					"@executable_path/Frameworks",
				);
				PRODUCT_BUNDLE_IDENTIFIER = com.experiential.Slider;
				PRODUCT_NAME = "$(TARGET_NAME)";
				SWIFT_VERSION = 4.2;
				TARGETED_DEVICE_FAMILY = "1,2";
			};
			name = Debug;
		};
		1A76B95521C464DA0048A4FB /* Release */ = {
			isa = XCBuildConfiguration;
			buildSettings = {
				ASSETCATALOG_COMPILER_APPICON_NAME = AppIcon;
				CODE_SIGN_STYLE = Automatic;
				DEVELOPMENT_TEAM = K9FE7UZ57A;
				INFOPLIST_FILE = Slider/Info.plist;
				IPHONEOS_DEPLOYMENT_TARGET = 11.0;
				LD_RUNPATH_SEARCH_PATHS = (
					"$(inherited)",
					"@executable_path/Frameworks",
				);
				PRODUCT_BUNDLE_IDENTIFIER = com.experiential.Slider;
				PRODUCT_NAME = "$(TARGET_NAME)";
				SWIFT_VERSION = 4.2;
				TARGETED_DEVICE_FAMILY = "1,2";
			};
			name = Release;
		};
/* End XCBuildConfiguration section */

/* Begin XCConfigurationList section */
		1A76B93C21C464D80048A4FB /* Build configuration list for PBXProject "Slider" */ = {
			isa = XCConfigurationList;
			buildConfigurations = (
				1A76B95121C464DA0048A4FB /* Debug */,
				1A76B95221C464DA0048A4FB /* Release */,
			);
			defaultConfigurationIsVisible = 0;
			defaultConfigurationName = Release;
		};
		1A76B95321C464DA0048A4FB /* Build configuration list for PBXNativeTarget "Slider" */ = {
			isa = XCConfigurationList;
			buildConfigurations = (
				1A76B95421C464DA0048A4FB /* Debug */,
				1A76B95521C464DA0048A4FB /* Release */,
			);
			defaultConfigurationIsVisible = 0;
			defaultConfigurationName = Release;
		};
/* End XCConfigurationList section */
	};
	rootObject = 1A76B93921C464D80048A4FB /* Project object */;
}
